
Microsoft Visual Studio Solution File, Format Version 12.00
# Visual Studio Version 17
VisualStudioVersion = 17.1.32210.238
MinimumVisualStudioVersion = 10.0.40219.1
Project("{9A19103F-16F7-4668-BE54-9A1E7A4F7556}") = "Tema2", "Tema2.csproj", "{C522596F-BB5C-4680-A0E9-2254352D043B}"
EndProject
Project("{FAE04EC0-301F-11D3-BF4B-00C04F79EFBC}") = "Tema3", "..\Tema3\Tema3.csproj", "{A7719E6A-BE09-49BF-BD1F-19AF886EC241}"
EndProject
Global
	GlobalSection(SolutionConfigurationPlatforms) = preSolution
		Debug|Any CPU = Debug|Any CPU
		Release|Any CPU = Release|Any CPU
	EndGlobalSection
	GlobalSection(ProjectConfigurationPlatforms) = postSolution
		{C522596F-BB5C-4680-A0E9-2254352D043B}.Debug|Any CPU.ActiveCfg = Debug|Any CPU
		{C522596F-BB5C-4680-A0E9-2254352D043B}.Debug|Any CPU.Build.0 = Debug|Any CPU
		{C522596F-BB5C-4680-A0E9-2254352D043B}.Release|Any CPU.ActiveCfg = Release|Any CPU
		{C522596F-BB5C-4680-A0E9-2254352D043B}.Release|Any CPU.Build.0 = Release|Any CPU
		{A7719E6A-BE09-49BF-BD1F-19AF886EC241}.Debug|Any CPU.ActiveCfg = Debug|Any CPU
		{A7719E6A-BE09-49BF-BD1F-19AF886EC241}.Debug|Any CPU.Build.0 = Debug|Any CPU
		{A7719E6A-BE09-49BF-BD1F-19AF886EC241}.Release|Any CPU.ActiveCfg = Release|Any CPU
		{A7719E6A-BE09-49BF-BD1F-19AF886EC241}.Release|Any CPU.Build.0 = Release|Any CPU
	EndGlobalSection
	GlobalSection(SolutionProperties) = preSolution
		HideSolutionNode = FALSE
	EndGlobalSection
	GlobalSection(ExtensibilityGlobals) = postSolution
		SolutionGuid = {AACAA01A-4677-4CDB-9706-E62F98476CE1}
	EndGlobalSection
EndGlobal
